
Microsoft Visual Studio Solution File, Format Version 12.00
# Visual Studio Version 17
VisualStudioVersion = 17.8.34408.163
MinimumVisualStudioVersion = 10.0.40219.1
Project("{FAE04EC0-301F-11D3-BF4B-00C04F79EFBC}") = "BookImGui", "BookImGui\BookImGui.csproj", "{163E302D-BE12-4210-98F0-C136CA24D4FB}"
EndProject
Global
	GlobalSection(SolutionConfigurationPlatforms) = preSolution
		Debug|Any CPU = Debug|Any CPU
		Release|Any CPU = Release|Any CPU
	EndGlobalSection
	GlobalSection(ProjectConfigurationPlatforms) = postSolution
		{163E302D-BE12-4210-98F0-C136CA24D4FB}.Debug|Any CPU.ActiveCfg = Debug|Any CPU
		{163E302D-BE12-4210-98F0-C136CA24D4FB}.Debug|Any CPU.Build.0 = Debug|Any CPU
		{163E302D-BE12-4210-98F0-C136CA24D4FB}.Release|Any CPU.ActiveCfg = Release|Any CPU
		{163E302D-BE12-4210-98F0-C136CA24D4FB}.Release|Any CPU.Build.0 = Release|Any CPU
	EndGlobalSection
	GlobalSection(SolutionProperties) = preSolution
		HideSolutionNode = FALSE
	EndGlobalSection
	GlobalSection(ExtensibilityGlobals) = postSolution
		SolutionGuid = {C4D1FDA5-29EE-4AEB-BC95-92074B0D9179}
	EndGlobalSection
EndGlobal
